
Microsoft Visual Studio Solution File, Format Version 12.00
# Visual Studio Version 17
VisualStudioVersion = 17.7.34018.315
MinimumVisualStudioVersion = 10.0.40219.1
Project("{9A19103F-16F7-4668-BE54-9A1E7A4F7556}") = "InvoiceMS.Host", "InvoiceMS.Host\InvoiceMS.Host.csproj", "{BE35337B-01AD-49A5-B206-F032609F8F5B}"
EndProject
Project("{9A19103F-16F7-4668-BE54-9A1E7A4F7556}") = "InvoiceMS.Contracts", "InvoiceMS.Contracts\InvoiceMS.Contracts.csproj", "{81008F76-79D4-42F5-87F6-9E67AE0C0CCE}"
EndProject
Project("{9A19103F-16F7-4668-BE54-9A1E7A4F7556}") = "InvoiceMS.Infrastructure", "InvoiceMS.Infrastructure\InvoiceMS.Infrastructure.csproj", "{5B1B2D77-05A5-489E-AEB0-CE4E5E0183D6}"
EndProject
Global
	GlobalSection(SolutionConfigurationPlatforms) = preSolution
		Debug|Any CPU = Debug|Any CPU
		Release|Any CPU = Release|Any CPU
	EndGlobalSection
	GlobalSection(ProjectConfigurationPlatforms) = postSolution
		{BE35337B-01AD-49A5-B206-F032609F8F5B}.Debug|Any CPU.ActiveCfg = Debug|Any CPU
		{BE35337B-01AD-49A5-B206-F032609F8F5B}.Debug|Any CPU.Build.0 = Debug|Any CPU
		{BE35337B-01AD-49A5-B206-F032609F8F5B}.Release|Any CPU.ActiveCfg = Release|Any CPU
		{BE35337B-01AD-49A5-B206-F032609F8F5B}.Release|Any CPU.Build.0 = Release|Any CPU
		{81008F76-79D4-42F5-87F6-9E67AE0C0CCE}.Debug|Any CPU.ActiveCfg = Debug|Any CPU
		{81008F76-79D4-42F5-87F6-9E67AE0C0CCE}.Debug|Any CPU.Build.0 = Debug|Any CPU
		{81008F76-79D4-42F5-87F6-9E67AE0C0CCE}.Release|Any CPU.ActiveCfg = Release|Any CPU
		{81008F76-79D4-42F5-87F6-9E67AE0C0CCE}.Release|Any CPU.Build.0 = Release|Any CPU
		{5B1B2D77-05A5-489E-AEB0-CE4E5E0183D6}.Debug|Any CPU.ActiveCfg = Debug|Any CPU
		{5B1B2D77-05A5-489E-AEB0-CE4E5E0183D6}.Debug|Any CPU.Build.0 = Debug|Any CPU
		{5B1B2D77-05A5-489E-AEB0-CE4E5E0183D6}.Release|Any CPU.ActiveCfg = Release|Any CPU
		{5B1B2D77-05A5-489E-AEB0-CE4E5E0183D6}.Release|Any CPU.Build.0 = Release|Any CPU
	EndGlobalSection
	GlobalSection(SolutionProperties) = preSolution
		HideSolutionNode = FALSE
	EndGlobalSection
	GlobalSection(ExtensibilityGlobals) = postSolution
		SolutionGuid = {80DBD4C7-E117-4E6E-BB05-45E11C61288A}
	EndGlobalSection
EndGlobal
