
Microsoft Visual Studio Solution File, Format Version 12.00
# Visual Studio Version 17
VisualStudioVersion = 17.7.34018.315
MinimumVisualStudioVersion = 10.0.40219.1
Project("{9A19103F-16F7-4668-BE54-9A1E7A4F7556}") = "InventoryMS.Host", "InventoryMS.Host\InventoryMS.Host.csproj", "{98FE1772-4957-47A9-8C6D-FF34C1A91B0F}"
EndProject
Project("{9A19103F-16F7-4668-BE54-9A1E7A4F7556}") = "InventoryMS.Contracts", "InventoryMS.Contracts\InventoryMS.Contracts.csproj", "{F734523A-860C-4128-9ECD-282079F07A8F}"
EndProject
Project("{FAE04EC0-301F-11D3-BF4B-00C04F79EFBC}") = "InventoryMS.RefitTestApp", "InventoryMS.RefitTestApp\InventoryMS.RefitTestApp.csproj", "{87184173-927C-4ECD-8B2E-E40DA9147A44}"
EndProject
Project("{FAE04EC0-301F-11D3-BF4B-00C04F79EFBC}") = "InventoryMS.Client", "InventoryMS.Client\InventoryMS.Client.csproj", "{5AE42211-911A-476D-BA73-7DBBFBA1B2E6}"
EndProject
Global
	GlobalSection(SolutionConfigurationPlatforms) = preSolution
		Debug|Any CPU = Debug|Any CPU
		Release|Any CPU = Release|Any CPU
	EndGlobalSection
	GlobalSection(ProjectConfigurationPlatforms) = postSolution
		{98FE1772-4957-47A9-8C6D-FF34C1A91B0F}.Debug|Any CPU.ActiveCfg = Debug|Any CPU
		{98FE1772-4957-47A9-8C6D-FF34C1A91B0F}.Debug|Any CPU.Build.0 = Debug|Any CPU
		{98FE1772-4957-47A9-8C6D-FF34C1A91B0F}.Release|Any CPU.ActiveCfg = Release|Any CPU
		{98FE1772-4957-47A9-8C6D-FF34C1A91B0F}.Release|Any CPU.Build.0 = Release|Any CPU
		{F734523A-860C-4128-9ECD-282079F07A8F}.Debug|Any CPU.ActiveCfg = Debug|Any CPU
		{F734523A-860C-4128-9ECD-282079F07A8F}.Debug|Any CPU.Build.0 = Debug|Any CPU
		{F734523A-860C-4128-9ECD-282079F07A8F}.Release|Any CPU.ActiveCfg = Release|Any CPU
		{F734523A-860C-4128-9ECD-282079F07A8F}.Release|Any CPU.Build.0 = Release|Any CPU
		{87184173-927C-4ECD-8B2E-E40DA9147A44}.Debug|Any CPU.ActiveCfg = Debug|Any CPU
		{87184173-927C-4ECD-8B2E-E40DA9147A44}.Debug|Any CPU.Build.0 = Debug|Any CPU
		{87184173-927C-4ECD-8B2E-E40DA9147A44}.Release|Any CPU.ActiveCfg = Release|Any CPU
		{87184173-927C-4ECD-8B2E-E40DA9147A44}.Release|Any CPU.Build.0 = Release|Any CPU
		{5AE42211-911A-476D-BA73-7DBBFBA1B2E6}.Debug|Any CPU.ActiveCfg = Debug|Any CPU
		{5AE42211-911A-476D-BA73-7DBBFBA1B2E6}.Debug|Any CPU.Build.0 = Debug|Any CPU
		{5AE42211-911A-476D-BA73-7DBBFBA1B2E6}.Release|Any CPU.ActiveCfg = Release|Any CPU
		{5AE42211-911A-476D-BA73-7DBBFBA1B2E6}.Release|Any CPU.Build.0 = Release|Any CPU
	EndGlobalSection
	GlobalSection(SolutionProperties) = preSolution
		HideSolutionNode = FALSE
	EndGlobalSection
	GlobalSection(ExtensibilityGlobals) = postSolution
		SolutionGuid = {82135D59-3BFB-4AA0-B6AC-09EAC82946A6}
	EndGlobalSection
EndGlobal
