
Microsoft Visual Studio Solution File, Format Version 12.00
# Visual Studio Version 17
VisualStudioVersion = 17.7.34018.315
MinimumVisualStudioVersion = 10.0.40219.1
Project("{FAE04EC0-301F-11D3-BF4B-00C04F79EFBC}") = "UpdatedDeletedConsumer", "MessageConsumer\UpdatedDeletedConsumer.csproj", "{951368EA-A92B-4121-BD49-A35B2A8C5887}"
EndProject
Project("{FAE04EC0-301F-11D3-BF4B-00C04F79EFBC}") = "AllMessagesConsumer", "AllMessagesConsumer\AllMessagesConsumer.csproj", "{08D1687F-9CF5-457E-8535-808F3F1B15C3}"
EndProject
Project("{FAE04EC0-301F-11D3-BF4B-00C04F79EFBC}") = "DeletedConsumer", "DeletedConsumer\DeletedConsumer.csproj", "{E6DB62F5-E3B8-408E-9CF2-8291674F7EF2}"
EndProject
Global
	GlobalSection(SolutionConfigurationPlatforms) = preSolution
		Debug|Any CPU = Debug|Any CPU
		Release|Any CPU = Release|Any CPU
	EndGlobalSection
	GlobalSection(ProjectConfigurationPlatforms) = postSolution
		{951368EA-A92B-4121-BD49-A35B2A8C5887}.Debug|Any CPU.ActiveCfg = Debug|Any CPU
		{951368EA-A92B-4121-BD49-A35B2A8C5887}.Debug|Any CPU.Build.0 = Debug|Any CPU
		{951368EA-A92B-4121-BD49-A35B2A8C5887}.Release|Any CPU.ActiveCfg = Release|Any CPU
		{951368EA-A92B-4121-BD49-A35B2A8C5887}.Release|Any CPU.Build.0 = Release|Any CPU
		{08D1687F-9CF5-457E-8535-808F3F1B15C3}.Debug|Any CPU.ActiveCfg = Debug|Any CPU
		{08D1687F-9CF5-457E-8535-808F3F1B15C3}.Debug|Any CPU.Build.0 = Debug|Any CPU
		{08D1687F-9CF5-457E-8535-808F3F1B15C3}.Release|Any CPU.ActiveCfg = Release|Any CPU
		{08D1687F-9CF5-457E-8535-808F3F1B15C3}.Release|Any CPU.Build.0 = Release|Any CPU
		{E6DB62F5-E3B8-408E-9CF2-8291674F7EF2}.Debug|Any CPU.ActiveCfg = Debug|Any CPU
		{E6DB62F5-E3B8-408E-9CF2-8291674F7EF2}.Debug|Any CPU.Build.0 = Debug|Any CPU
		{E6DB62F5-E3B8-408E-9CF2-8291674F7EF2}.Release|Any CPU.ActiveCfg = Release|Any CPU
		{E6DB62F5-E3B8-408E-9CF2-8291674F7EF2}.Release|Any CPU.Build.0 = Release|Any CPU
	EndGlobalSection
	GlobalSection(SolutionProperties) = preSolution
		HideSolutionNode = FALSE
	EndGlobalSection
	GlobalSection(ExtensibilityGlobals) = postSolution
		SolutionGuid = {8FA5E836-705B-41B7-BADD-E9EC4F44667D}
	EndGlobalSection
EndGlobal
